// !$*UTF8*$!
{
	archiveVersion = 1;
	classes = {
	};
	objectVersion = 56;
	objects = {

/* Begin PBXBuildFile section */
		A61B5C852C8198E900D174EC /* TinderApp.swift in Sources */ = {isa = PBXBuildFile; fileRef = A61B5C842C8198E900D174EC /* TinderApp.swift */; };
		A61B5C872C8198E900D174EC /* ContentView.swift in Sources */ = {isa = PBXBuildFile; fileRef = A61B5C862C8198E900D174EC /* ContentView.swift */; };
		A61B5C892C8198EB00D174EC /* Assets.xcassets in Resources */ = {isa = PBXBuildFile; fileRef = A61B5C882C8198EB00D174EC /* Assets.xcassets */; };
		A61B5C8C2C8198EB00D174EC /* Preview Assets.xcassets in Resources */ = {isa = PBXBuildFile; fileRef = A61B5C8B2C8198EB00D174EC /* Preview Assets.xcassets */; };
		A61B5C8E2C8198EB00D174EC /* Persistence.swift in Sources */ = {isa = PBXBuildFile; fileRef = A61B5C8D2C8198EB00D174EC /* Persistence.swift */; };
		A61B5C912C8198EB00D174EC /* Tinder.xcdatamodeld in Sources */ = {isa = PBXBuildFile; fileRef = A61B5C8F2C8198EB00D174EC /* Tinder.xcdatamodeld */; };
		A61B5CA22C868B0F00D174EC /* MainTabView.swift in Sources */ = {isa = PBXBuildFile; fileRef = A61B5CA12C868B0F00D174EC /* MainTabView.swift */; };
		A61B5CA42C868DC300D174EC /* CardView.swift in Sources */ = {isa = PBXBuildFile; fileRef = A61B5CA32C868DC300D174EC /* CardView.swift */; };
		A61B5CA72C86913800D174EC /* UserInfoView.swift in Sources */ = {isa = PBXBuildFile; fileRef = A61B5CA62C86913800D174EC /* UserInfoView.swift */; };
		A61B5CA92C8927A500D174EC /* SwipeActionIndicator.swift in Sources */ = {isa = PBXBuildFile; fileRef = A61B5CA82C8927A500D174EC /* SwipeActionIndicator.swift */; };
		A61B5CAC2C892B8500D174EC /* SizeConstants.swift in Sources */ = {isa = PBXBuildFile; fileRef = A61B5CAB2C892B8500D174EC /* SizeConstants.swift */; };
		A61B5CAE2C892D2100D174EC /* ImageScrollingOverlay.swift in Sources */ = {isa = PBXBuildFile; fileRef = A61B5CAD2C892D2100D174EC /* ImageScrollingOverlay.swift */; };
		A61B5CB02C89343300D174EC /* CardImageIndicatorView.swift in Sources */ = {isa = PBXBuildFile; fileRef = A61B5CAF2C89343300D174EC /* CardImageIndicatorView.swift */; };
		A67CA69D2C8D90CD00A42B35 /* CardStackView.swift in Sources */ = {isa = PBXBuildFile; fileRef = A67CA69C2C8D90CD00A42B35 /* CardStackView.swift */; };
		A67CA6A12C8D933500A42B35 /* User.swift in Sources */ = {isa = PBXBuildFile; fileRef = A67CA6A02C8D933500A42B35 /* User.swift */; };
		A67CA6A42C8D93D000A42B35 /* CardModel.swift in Sources */ = {isa = PBXBuildFile; fileRef = A67CA6A32C8D93D000A42B35 /* CardModel.swift */; };
		A67CA6A72C8D944200A42B35 /* CardsViewModel.swift in Sources */ = {isa = PBXBuildFile; fileRef = A67CA6A62C8D944200A42B35 /* CardsViewModel.swift */; };
		A67CA6AA2C8D94C100A42B35 /* CardService.swift in Sources */ = {isa = PBXBuildFile; fileRef = A67CA6A92C8D94C100A42B35 /* CardService.swift */; };
		A67CA6AD2C8D973800A42B35 /* MockData.swift in Sources */ = {isa = PBXBuildFile; fileRef = A67CA6AC2C8D973800A42B35 /* MockData.swift */; };
		A67CA6AF2C8F148A00A42B35 /* SwipeActionButtonView.swift in Sources */ = {isa = PBXBuildFile; fileRef = A67CA6AE2C8F148A00A42B35 /* SwipeActionButtonView.swift */; };
		A67CA6B12C8F167A00A42B35 /* SwipeAction.swift in Sources */ = {isa = PBXBuildFile; fileRef = A67CA6B02C8F167A00A42B35 /* SwipeAction.swift */; };
/* End PBXBuildFile section */

/* Begin PBXFileReference section */
		A61B5C812C8198E900D174EC /* Tinder.app */ = {isa = PBXFileReference; explicitFileType = wrapper.application; includeInIndex = 0; path = Tinder.app; sourceTree = BUILT_PRODUCTS_DIR; };
		A61B5C842C8198E900D174EC /* TinderApp.swift */ = {isa = PBXFileReference; lastKnownFileType = sourcecode.swift; path = TinderApp.swift; sourceTree = "<group>"; };
		A61B5C862C8198E900D174EC /* ContentView.swift */ = {isa = PBXFileReference; lastKnownFileType = sourcecode.swift; path = ContentView.swift; sourceTree = "<group>"; };
		A61B5C882C8198EB00D174EC /* Assets.xcassets */ = {isa = PBXFileReference; lastKnownFileType = folder.assetcatalog; path = Assets.xcassets; sourceTree = "<group>"; };
		A61B5C8B2C8198EB00D174EC /* Preview Assets.xcassets */ = {isa = PBXFileReference; lastKnownFileType = folder.assetcatalog; path = "Preview Assets.xcassets"; sourceTree = "<group>"; };
		A61B5C8D2C8198EB00D174EC /* Persistence.swift */ = {isa = PBXFileReference; lastKnownFileType = sourcecode.swift; path = Persistence.swift; sourceTree = "<group>"; };
		A61B5C902C8198EB00D174EC /* Tinder.xcdatamodel */ = {isa = PBXFileReference; lastKnownFileType = wrapper.xcdatamodel; path = Tinder.xcdatamodel; sourceTree = "<group>"; };
		A61B5CA12C868B0F00D174EC /* MainTabView.swift */ = {isa = PBXFileReference; lastKnownFileType = sourcecode.swift; path = MainTabView.swift; sourceTree = "<group>"; };
		A61B5CA32C868DC300D174EC /* CardView.swift */ = {isa = PBXFileReference; lastKnownFileType = sourcecode.swift; path = CardView.swift; sourceTree = "<group>"; };
		A61B5CA62C86913800D174EC /* UserInfoView.swift */ = {isa = PBXFileReference; lastKnownFileType = sourcecode.swift; path = UserInfoView.swift; sourceTree = "<group>"; };
		A61B5CA82C8927A500D174EC /* SwipeActionIndicator.swift */ = {isa = PBXFileReference; lastKnownFileType = sourcecode.swift; path = SwipeActionIndicator.swift; sourceTree = "<group>"; };
		A61B5CAB2C892B8500D174EC /* SizeConstants.swift */ = {isa = PBXFileReference; lastKnownFileType = sourcecode.swift; path = SizeConstants.swift; sourceTree = "<group>"; };
		A61B5CAD2C892D2100D174EC /* ImageScrollingOverlay.swift */ = {isa = PBXFileReference; lastKnownFileType = sourcecode.swift; path = ImageScrollingOverlay.swift; sourceTree = "<group>"; };
		A61B5CAF2C89343300D174EC /* CardImageIndicatorView.swift */ = {isa = PBXFileReference; lastKnownFileType = sourcecode.swift; path = CardImageIndicatorView.swift; sourceTree = "<group>"; };
		A67CA69C2C8D90CD00A42B35 /* CardStackView.swift */ = {isa = PBXFileReference; lastKnownFileType = sourcecode.swift; path = CardStackView.swift; sourceTree = "<group>"; };
		A67CA6A02C8D933500A42B35 /* User.swift */ = {isa = PBXFileReference; lastKnownFileType = sourcecode.swift; path = User.swift; sourceTree = "<group>"; };
		A67CA6A32C8D93D000A42B35 /* CardModel.swift */ = {isa = PBXFileReference; lastKnownFileType = sourcecode.swift; path = CardModel.swift; sourceTree = "<group>"; };
		A67CA6A62C8D944200A42B35 /* CardsViewModel.swift */ = {isa = PBXFileReference; lastKnownFileType = sourcecode.swift; path = CardsViewModel.swift; sourceTree = "<group>"; };
		A67CA6A92C8D94C100A42B35 /* CardService.swift */ = {isa = PBXFileReference; lastKnownFileType = sourcecode.swift; path = CardService.swift; sourceTree = "<group>"; };
		A67CA6AC2C8D973800A42B35 /* MockData.swift */ = {isa = PBXFileReference; lastKnownFileType = sourcecode.swift; path = MockData.swift; sourceTree = "<group>"; };
		A67CA6AE2C8F148A00A42B35 /* SwipeActionButtonView.swift */ = {isa = PBXFileReference; lastKnownFileType = sourcecode.swift; path = SwipeActionButtonView.swift; sourceTree = "<group>"; };
		A67CA6B02C8F167A00A42B35 /* SwipeAction.swift */ = {isa = PBXFileReference; lastKnownFileType = sourcecode.swift; path = SwipeAction.swift; sourceTree = "<group>"; };
/* End PBXFileReference section */

/* Begin PBXFrameworksBuildPhase section */
		A61B5C7E2C8198E900D174EC /* Frameworks */ = {
			isa = PBXFrameworksBuildPhase;
			buildActionMask = 2147483647;
			files = (
			);
			runOnlyForDeploymentPostprocessing = 0;
		};
/* End PBXFrameworksBuildPhase section */

/* Begin PBXGroup section */
		A61B5C782C8198E900D174EC = {
			isa = PBXGroup;
			children = (
				A61B5C832C8198E900D174EC /* Tinder */,
				A61B5C822C8198E900D174EC /* Products */,
			);
			sourceTree = "<group>";
		};
		A61B5C822C8198E900D174EC /* Products */ = {
			isa = PBXGroup;
			children = (
				A61B5C812C8198E900D174EC /* Tinder.app */,
			);
			name = Products;
			sourceTree = "<group>";
		};
		A61B5C832C8198E900D174EC /* Tinder */ = {
			isa = PBXGroup;
			children = (
				A61B5C9B2C81997100D174EC /* Utils */,
				A61B5C9A2C81996100D174EC /* Shared */,
				A61B5C992C81994C00D174EC /* Extensions */,
				A61B5C982C81994300D174EC /* Core */,
				A61B5C972C81993600D174EC /* App */,
				A61B5C842C8198E900D174EC /* TinderApp.swift */,
				A61B5C862C8198E900D174EC /* ContentView.swift */,
				A61B5C882C8198EB00D174EC /* Assets.xcassets */,
				A61B5C8D2C8198EB00D174EC /* Persistence.swift */,
				A61B5C8F2C8198EB00D174EC /* Tinder.xcdatamodeld */,
				A61B5C8A2C8198EB00D174EC /* Preview Content */,
			);
			path = Tinder;
			sourceTree = "<group>";
		};
		A61B5C8A2C8198EB00D174EC /* Preview Content */ = {
			isa = PBXGroup;
			children = (
				A61B5C8B2C8198EB00D174EC /* Preview Assets.xcassets */,
			);
			path = "Preview Content";
			sourceTree = "<group>";
		};
		A61B5C972C81993600D174EC /* App */ = {
			isa = PBXGroup;
			children = (
			);
			path = App;
			sourceTree = "<group>";
		};
		A61B5C982C81994300D174EC /* Core */ = {
			isa = PBXGroup;
			children = (
				A61B5CA02C8199C000D174EC /* Messaging */,
				A61B5C9F2C8199BC00D174EC /* Profile */,
				A61B5C9E2C8199B800D174EC /* Search */,
				A61B5C9D2C8199B500D174EC /* Cards */,
				A61B5C9C2C8199B100D174EC /* Tabbar */,
			);
			path = Core;
			sourceTree = "<group>";
		};
		A61B5C992C81994C00D174EC /* Extensions */ = {
			isa = PBXGroup;
			children = (
			);
			path = Extensions;
			sourceTree = "<group>";
		};
		A61B5C9A2C81996100D174EC /* Shared */ = {
			isa = PBXGroup;
			children = (
				A67CA69E2C8D930B00A42B35 /* Users */,
			);
			path = Shared;
			sourceTree = "<group>";
		};
		A61B5C9B2C81997100D174EC /* Utils */ = {
			isa = PBXGroup;
			children = (
				A67CA6AB2C8D972A00A42B35 /* MockData */,
				A61B5CAA2C892B6200D174EC /* Constants */,
			);
			path = Utils;
			sourceTree = "<group>";
		};
		A61B5C9C2C8199B100D174EC /* Tabbar */ = {
			isa = PBXGroup;
			children = (
				A61B5CA12C868B0F00D174EC /* MainTabView.swift */,
			);
			path = Tabbar;
			sourceTree = "<group>";
		};
		A61B5C9D2C8199B500D174EC /* Cards */ = {
			isa = PBXGroup;
			children = (
				A67CA6A82C8D94AF00A42B35 /* Service */,
				A67CA6A52C8D943300A42B35 /* ViewModel */,
				A67CA6A22C8D93C200A42B35 /* Model */,
				A61B5CA52C86911200D174EC /* View */,
			);
			path = Cards;
			sourceTree = "<group>";
		};
		A61B5C9E2C8199B800D174EC /* Search */ = {
			isa = PBXGroup;
			children = (
			);
			path = Search;
			sourceTree = "<group>";
		};
		A61B5C9F2C8199BC00D174EC /* Profile */ = {
			isa = PBXGroup;
			children = (
			);
			path = Profile;
			sourceTree = "<group>";
		};
		A61B5CA02C8199C000D174EC /* Messaging */ = {
			isa = PBXGroup;
			children = (
			);
			path = Messaging;
			sourceTree = "<group>";
		};
		A61B5CA52C86911200D174EC /* View */ = {
			isa = PBXGroup;
			children = (
				A61B5CA32C868DC300D174EC /* CardView.swift */,
				A61B5CA62C86913800D174EC /* UserInfoView.swift */,
				A61B5CA82C8927A500D174EC /* SwipeActionIndicator.swift */,
				A61B5CAD2C892D2100D174EC /* ImageScrollingOverlay.swift */,
				A61B5CAF2C89343300D174EC /* CardImageIndicatorView.swift */,
				A67CA69C2C8D90CD00A42B35 /* CardStackView.swift */,
				A67CA6AE2C8F148A00A42B35 /* SwipeActionButtonView.swift */,
			);
			path = View;
			sourceTree = "<group>";
		};
		A61B5CAA2C892B6200D174EC /* Constants */ = {
			isa = PBXGroup;
			children = (
				A61B5CAB2C892B8500D174EC /* SizeConstants.swift */,
			);
			path = Constants;
			sourceTree = "<group>";
		};
		A67CA69E2C8D930B00A42B35 /* Users */ = {
			isa = PBXGroup;
			children = (
				A67CA69F2C8D931400A42B35 /* Model */,
			);
			path = Users;
			sourceTree = "<group>";
		};
		A67CA69F2C8D931400A42B35 /* Model */ = {
			isa = PBXGroup;
			children = (
				A67CA6A02C8D933500A42B35 /* User.swift */,
			);
			path = Model;
			sourceTree = "<group>";
		};
		A67CA6A22C8D93C200A42B35 /* Model */ = {
			isa = PBXGroup;
			children = (
				A67CA6A32C8D93D000A42B35 /* CardModel.swift */,
				A67CA6B02C8F167A00A42B35 /* SwipeAction.swift */,
			);
			path = Model;
			sourceTree = "<group>";
		};
		A67CA6A52C8D943300A42B35 /* ViewModel */ = {
			isa = PBXGroup;
			children = (
				A67CA6A62C8D944200A42B35 /* CardsViewModel.swift */,
			);
			path = ViewModel;
			sourceTree = "<group>";
		};
		A67CA6A82C8D94AF00A42B35 /* Service */ = {
			isa = PBXGroup;
			children = (
				A67CA6A92C8D94C100A42B35 /* CardService.swift */,
			);
			path = Service;
			sourceTree = "<group>";
		};
		A67CA6AB2C8D972A00A42B35 /* MockData */ = {
			isa = PBXGroup;
			children = (
				A67CA6AC2C8D973800A42B35 /* MockData.swift */,
			);
			path = MockData;
			sourceTree = "<group>";
		};
/* End PBXGroup section */

/* Begin PBXNativeTarget section */
		A61B5C802C8198E900D174EC /* Tinder */ = {
			isa = PBXNativeTarget;
			buildConfigurationList = A61B5C942C8198EB00D174EC /* Build configuration list for PBXNativeTarget "Tinder" */;
			buildPhases = (
				A61B5C7D2C8198E900D174EC /* Sources */,
				A61B5C7E2C8198E900D174EC /* Frameworks */,
				A61B5C7F2C8198E900D174EC /* Resources */,
			);
			buildRules = (
			);
			dependencies = (
			);
			name = Tinder;
			productName = Tinder;
			productReference = A61B5C812C8198E900D174EC /* Tinder.app */;
			productType = "com.apple.product-type.application";
		};
/* End PBXNativeTarget section */

/* Begin PBXProject section */
		A61B5C792C8198E900D174EC /* Project object */ = {
			isa = PBXProject;
			attributes = {
				BuildIndependentTargetsInParallel = 1;
				LastSwiftUpdateCheck = 1420;
				LastUpgradeCheck = 1420;
				TargetAttributes = {
					A61B5C802C8198E900D174EC = {
						CreatedOnToolsVersion = 14.2;
					};
				};
			};
			buildConfigurationList = A61B5C7C2C8198E900D174EC /* Build configuration list for PBXProject "Tinder" */;
			compatibilityVersion = "Xcode 14.0";
			developmentRegion = en;
			hasScannedForEncodings = 0;
			knownRegions = (
				en,
				Base,
			);
			mainGroup = A61B5C782C8198E900D174EC;
			productRefGroup = A61B5C822C8198E900D174EC /* Products */;
			projectDirPath = "";
			projectRoot = "";
			targets = (
				A61B5C802C8198E900D174EC /* Tinder */,
			);
		};
/* End PBXProject section */

/* Begin PBXResourcesBuildPhase section */
		A61B5C7F2C8198E900D174EC /* Resources */ = {
			isa = PBXResourcesBuildPhase;
			buildActionMask = 2147483647;
			files = (
				A61B5C8C2C8198EB00D174EC /* Preview Assets.xcassets in Resources */,
				A61B5C892C8198EB00D174EC /* Assets.xcassets in Resources */,
			);
			runOnlyForDeploymentPostprocessing = 0;
		};
/* End PBXResourcesBuildPhase section */

/* Begin PBXSourcesBuildPhase section */
		A61B5C7D2C8198E900D174EC /* Sources */ = {
			isa = PBXSourcesBuildPhase;
			buildActionMask = 2147483647;
			files = (
				A67CA6A12C8D933500A42B35 /* User.swift in Sources */,
				A61B5CB02C89343300D174EC /* CardImageIndicatorView.swift in Sources */,
				A67CA6A72C8D944200A42B35 /* CardsViewModel.swift in Sources */,
				A67CA6B12C8F167A00A42B35 /* SwipeAction.swift in Sources */,
				A67CA6AD2C8D973800A42B35 /* MockData.swift in Sources */,
				A61B5CAE2C892D2100D174EC /* ImageScrollingOverlay.swift in Sources */,
				A67CA6A42C8D93D000A42B35 /* CardModel.swift in Sources */,
				A61B5CA92C8927A500D174EC /* SwipeActionIndicator.swift in Sources */,
				A61B5C8E2C8198EB00D174EC /* Persistence.swift in Sources */,
				A67CA6AA2C8D94C100A42B35 /* CardService.swift in Sources */,
				A61B5CA72C86913800D174EC /* UserInfoView.swift in Sources */,
				A61B5C912C8198EB00D174EC /* Tinder.xcdatamodeld in Sources */,
				A61B5C872C8198E900D174EC /* ContentView.swift in Sources */,
				A61B5C852C8198E900D174EC /* TinderApp.swift in Sources */,
				A61B5CA42C868DC300D174EC /* CardView.swift in Sources */,
				A67CA69D2C8D90CD00A42B35 /* CardStackView.swift in Sources */,
				A61B5CA22C868B0F00D174EC /* MainTabView.swift in Sources */,
				A61B5CAC2C892B8500D174EC /* SizeConstants.swift in Sources */,
				A67CA6AF2C8F148A00A42B35 /* SwipeActionButtonView.swift in Sources */,
			);
			runOnlyForDeploymentPostprocessing = 0;
		};
/* End PBXSourcesBuildPhase section */

/* Begin XCBuildConfiguration section */
		A61B5C922C8198EB00D174EC /* Debug */ = {
			isa = XCBuildConfiguration;
			buildSettings = {
				ALWAYS_SEARCH_USER_PATHS = NO;
				CLANG_ANALYZER_NONNULL = YES;
				CLANG_ANALYZER_NUMBER_OBJECT_CONVERSION = YES_AGGRESSIVE;
				CLANG_CXX_LANGUAGE_STANDARD = "gnu++20";
				CLANG_ENABLE_MODULES = YES;
				CLANG_ENABLE_OBJC_ARC = YES;
				CLANG_ENABLE_OBJC_WEAK = YES;
				CLANG_WARN_BLOCK_CAPTURE_AUTORELEASING = YES;
				CLANG_WARN_BOOL_CONVERSION = YES;
				CLANG_WARN_COMMA = YES;
				CLANG_WARN_CONSTANT_CONVERSION = YES;
				CLANG_WARN_DEPRECATED_OBJC_IMPLEMENTATIONS = YES;
				CLANG_WARN_DIRECT_OBJC_ISA_USAGE = YES_ERROR;
				CLANG_WARN_DOCUMENTATION_COMMENTS = YES;
				CLANG_WARN_EMPTY_BODY = YES;
				CLANG_WARN_ENUM_CONVERSION = YES;
				CLANG_WARN_INFINITE_RECURSION = YES;
				CLANG_WARN_INT_CONVERSION = YES;
				CLANG_WARN_NON_LITERAL_NULL_CONVERSION = YES;
				CLANG_WARN_OBJC_IMPLICIT_RETAIN_SELF = YES;
				CLANG_WARN_OBJC_LITERAL_CONVERSION = YES;
				CLANG_WARN_OBJC_ROOT_CLASS = YES_ERROR;
				CLANG_WARN_QUOTED_INCLUDE_IN_FRAMEWORK_HEADER = YES;
				CLANG_WARN_RANGE_LOOP_ANALYSIS = YES;
				CLANG_WARN_STRICT_PROTOTYPES = YES;
				CLANG_WARN_SUSPICIOUS_MOVE = YES;
				CLANG_WARN_UNGUARDED_AVAILABILITY = YES_AGGRESSIVE;
				CLANG_WARN_UNREACHABLE_CODE = YES;
				CLANG_WARN__DUPLICATE_METHOD_MATCH = YES;
				COPY_PHASE_STRIP = NO;
				DEBUG_INFORMATION_FORMAT = dwarf;
				ENABLE_STRICT_OBJC_MSGSEND = YES;
				ENABLE_TESTABILITY = YES;
				GCC_C_LANGUAGE_STANDARD = gnu11;
				GCC_DYNAMIC_NO_PIC = NO;
				GCC_NO_COMMON_BLOCKS = YES;
				GCC_OPTIMIZATION_LEVEL = 0;
				GCC_PREPROCESSOR_DEFINITIONS = (
					"DEBUG=1",
					"$(inherited)",
				);
				GCC_WARN_64_TO_32_BIT_CONVERSION = YES;
				GCC_WARN_ABOUT_RETURN_TYPE = YES_ERROR;
				GCC_WARN_UNDECLARED_SELECTOR = YES;
				GCC_WARN_UNINITIALIZED_AUTOS = YES_AGGRESSIVE;
				GCC_WARN_UNUSED_FUNCTION = YES;
				GCC_WARN_UNUSED_VARIABLE = YES;
				IPHONEOS_DEPLOYMENT_TARGET = 16.2;
				MTL_ENABLE_DEBUG_INFO = INCLUDE_SOURCE;
				MTL_FAST_MATH = YES;
				ONLY_ACTIVE_ARCH = YES;
				SDKROOT = iphoneos;
				SWIFT_ACTIVE_COMPILATION_CONDITIONS = DEBUG;
				SWIFT_OPTIMIZATION_LEVEL = "-Onone";
			};
			name = Debug;
		};
		A61B5C932C8198EB00D174EC /* Release */ = {
			isa = XCBuildConfiguration;
			buildSettings = {
				ALWAYS_SEARCH_USER_PATHS = NO;
				CLANG_ANALYZER_NONNULL = YES;
				CLANG_ANALYZER_NUMBER_OBJECT_CONVERSION = YES_AGGRESSIVE;
				CLANG_CXX_LANGUAGE_STANDARD = "gnu++20";
				CLANG_ENABLE_MODULES = YES;
				CLANG_ENABLE_OBJC_ARC = YES;
				CLANG_ENABLE_OBJC_WEAK = YES;
				CLANG_WARN_BLOCK_CAPTURE_AUTORELEASING = YES;
				CLANG_WARN_BOOL_CONVERSION = YES;
				CLANG_WARN_COMMA = YES;
				CLANG_WARN_CONSTANT_CONVERSION = YES;
				CLANG_WARN_DEPRECATED_OBJC_IMPLEMENTATIONS = YES;
				CLANG_WARN_DIRECT_OBJC_ISA_USAGE = YES_ERROR;
				CLANG_WARN_DOCUMENTATION_COMMENTS = YES;
				CLANG_WARN_EMPTY_BODY = YES;
				CLANG_WARN_ENUM_CONVERSION = YES;
				CLANG_WARN_INFINITE_RECURSION = YES;
				CLANG_WARN_INT_CONVERSION = YES;
				CLANG_WARN_NON_LITERAL_NULL_CONVERSION = YES;
				CLANG_WARN_OBJC_IMPLICIT_RETAIN_SELF = YES;
				CLANG_WARN_OBJC_LITERAL_CONVERSION = YES;
				CLANG_WARN_OBJC_ROOT_CLASS = YES_ERROR;
				CLANG_WARN_QUOTED_INCLUDE_IN_FRAMEWORK_HEADER = YES;
				CLANG_WARN_RANGE_LOOP_ANALYSIS = YES;
				CLANG_WARN_STRICT_PROTOTYPES = YES;
				CLANG_WARN_SUSPICIOUS_MOVE = YES;
				CLANG_WARN_UNGUARDED_AVAILABILITY = YES_AGGRESSIVE;
				CLANG_WARN_UNREACHABLE_CODE = YES;
				CLANG_WARN__DUPLICATE_METHOD_MATCH = YES;
				COPY_PHASE_STRIP = NO;
				DEBUG_INFORMATION_FORMAT = "dwarf-with-dsym";
				ENABLE_NS_ASSERTIONS = NO;
				ENABLE_STRICT_OBJC_MSGSEND = YES;
				GCC_C_LANGUAGE_STANDARD = gnu11;
				GCC_NO_COMMON_BLOCKS = YES;
				GCC_WARN_64_TO_32_BIT_CONVERSION = YES;
				GCC_WARN_ABOUT_RETURN_TYPE = YES_ERROR;
				GCC_WARN_UNDECLARED_SELECTOR = YES;
				GCC_WARN_UNINITIALIZED_AUTOS = YES_AGGRESSIVE;
				GCC_WARN_UNUSED_FUNCTION = YES;
				GCC_WARN_UNUSED_VARIABLE = YES;
				IPHONEOS_DEPLOYMENT_TARGET = 16.2;
				MTL_ENABLE_DEBUG_INFO = NO;
				MTL_FAST_MATH = YES;
				SDKROOT = iphoneos;
				SWIFT_COMPILATION_MODE = wholemodule;
				SWIFT_OPTIMIZATION_LEVEL = "-O";
				VALIDATE_PRODUCT = YES;
			};
			name = Release;
		};
		A61B5C952C8198EB00D174EC /* Debug */ = {
			isa = XCBuildConfiguration;
			buildSettings = {
				ASSETCATALOG_COMPILER_APPICON_NAME = AppIcon;
				ASSETCATALOG_COMPILER_GLOBAL_ACCENT_COLOR_NAME = AccentColor;
				CODE_SIGN_STYLE = Automatic;
				CURRENT_PROJECT_VERSION = 1;
				DEVELOPMENT_ASSET_PATHS = "\"Tinder/Preview Content\"";
				ENABLE_PREVIEWS = YES;
				GENERATE_INFOPLIST_FILE = YES;
				INFOPLIST_KEY_UIApplicationSceneManifest_Generation = YES;
				INFOPLIST_KEY_UIApplicationSupportsIndirectInputEvents = YES;
				INFOPLIST_KEY_UILaunchScreen_Generation = YES;
				INFOPLIST_KEY_UISupportedInterfaceOrientations_iPad = "UIInterfaceOrientationPortrait UIInterfaceOrientationPortraitUpsideDown UIInterfaceOrientationLandscapeLeft UIInterfaceOrientationLandscapeRight";
				INFOPLIST_KEY_UISupportedInterfaceOrientations_iPhone = "UIInterfaceOrientationPortrait UIInterfaceOrientationLandscapeLeft UIInterfaceOrientationLandscapeRight";
				LD_RUNPATH_SEARCH_PATHS = (
					"$(inherited)",
					"@executable_path/Frameworks",
				);
				MARKETING_VERSION = 1.0;
				PRODUCT_BUNDLE_IDENTIFIER = HIM.Tinder;
				PRODUCT_NAME = "$(TARGET_NAME)";
				SWIFT_EMIT_LOC_STRINGS = YES;
				SWIFT_VERSION = 5.0;
				TARGETED_DEVICE_FAMILY = "1,2";
			};
			name = Debug;
		};
		A61B5C962C8198EB00D174EC /* Release */ = {
			isa = XCBuildConfiguration;
			buildSettings = {
				ASSETCATALOG_COMPILER_APPICON_NAME = AppIcon;
				ASSETCATALOG_COMPILER_GLOBAL_ACCENT_COLOR_NAME = AccentColor;
				CODE_SIGN_STYLE = Automatic;
				CURRENT_PROJECT_VERSION = 1;
				DEVELOPMENT_ASSET_PATHS = "\"Tinder/Preview Content\"";
				ENABLE_PREVIEWS = YES;
				GENERATE_INFOPLIST_FILE = YES;
				INFOPLIST_KEY_UIApplicationSceneManifest_Generation = YES;
				INFOPLIST_KEY_UIApplicationSupportsIndirectInputEvents = YES;
				INFOPLIST_KEY_UILaunchScreen_Generation = YES;
				INFOPLIST_KEY_UISupportedInterfaceOrientations_iPad = "UIInterfaceOrientationPortrait UIInterfaceOrientationPortraitUpsideDown UIInterfaceOrientationLandscapeLeft UIInterfaceOrientationLandscapeRight";
				INFOPLIST_KEY_UISupportedInterfaceOrientations_iPhone = "UIInterfaceOrientationPortrait UIInterfaceOrientationLandscapeLeft UIInterfaceOrientationLandscapeRight";
				LD_RUNPATH_SEARCH_PATHS = (
					"$(inherited)",
					"@executable_path/Frameworks",
				);
				MARKETING_VERSION = 1.0;
				PRODUCT_BUNDLE_IDENTIFIER = HIM.Tinder;
				PRODUCT_NAME = "$(TARGET_NAME)";
				SWIFT_EMIT_LOC_STRINGS = YES;
				SWIFT_VERSION = 5.0;
				TARGETED_DEVICE_FAMILY = "1,2";
			};
			name = Release;
		};
/* End XCBuildConfiguration section */

/* Begin XCConfigurationList section */
		A61B5C7C2C8198E900D174EC /* Build configuration list for PBXProject "Tinder" */ = {
			isa = XCConfigurationList;
			buildConfigurations = (
				A61B5C922C8198EB00D174EC /* Debug */,
				A61B5C932C8198EB00D174EC /* Release */,
			);
			defaultConfigurationIsVisible = 0;
			defaultConfigurationName = Release;
		};
		A61B5C942C8198EB00D174EC /* Build configuration list for PBXNativeTarget "Tinder" */ = {
			isa = XCConfigurationList;
			buildConfigurations = (
				A61B5C952C8198EB00D174EC /* Debug */,
				A61B5C962C8198EB00D174EC /* Release */,
			);
			defaultConfigurationIsVisible = 0;
			defaultConfigurationName = Release;
		};
/* End XCConfigurationList section */

/* Begin XCVersionGroup section */
		A61B5C8F2C8198EB00D174EC /* Tinder.xcdatamodeld */ = {
			isa = XCVersionGroup;
			children = (
				A61B5C902C8198EB00D174EC /* Tinder.xcdatamodel */,
			);
			currentVersion = A61B5C902C8198EB00D174EC /* Tinder.xcdatamodel */;
			path = Tinder.xcdatamodeld;
			sourceTree = "<group>";
			versionGroupType = wrapper.xcdatamodel;
		};
/* End XCVersionGroup section */
	};
	rootObject = A61B5C792C8198E900D174EC /* Project object */;
}
